
Microsoft Visual Studio Solution File, Format Version 12.00
# Visual Studio Version 17
VisualStudioVersion = 17.8.34525.116
MinimumVisualStudioVersion = 10.0.40219.1
Project("{FAE04EC0-301F-11D3-BF4B-00C04F79EFBC}") = "SistemaCadastro", "SistemaCadastro.csproj", "{546846E9-D42A-4495-BB39-D6105709AFE9}"
EndProject
Global
	GlobalSection(SolutionConfigurationPlatforms) = preSolution
		Debug|Any CPU = Debug|Any CPU
		Release|Any CPU = Release|Any CPU
	EndGlobalSection
	GlobalSection(ProjectConfigurationPlatforms) = postSolution
		{546846E9-D42A-4495-BB39-D6105709AFE9}.Debug|Any CPU.ActiveCfg = Debug|Any CPU
		{546846E9-D42A-4495-BB39-D6105709AFE9}.Debug|Any CPU.Build.0 = Debug|Any CPU
		{546846E9-D42A-4495-BB39-D6105709AFE9}.Release|Any CPU.ActiveCfg = Release|Any CPU
		{546846E9-D42A-4495-BB39-D6105709AFE9}.Release|Any CPU.Build.0 = Release|Any CPU
	EndGlobalSection
	GlobalSection(SolutionProperties) = preSolution
		HideSolutionNode = FALSE
	EndGlobalSection
	GlobalSection(ExtensibilityGlobals) = postSolution
		SolutionGuid = {54B7C5F4-590E-4417-B03D-CC747FF62B27}
	EndGlobalSection
EndGlobal
